PODS:
  - Kingfisher (3.9.1)
  - TMDBSwift (0.3.1)

DEPENDENCIES:
  - Kingfisher (~> 3.0)
  - TMDBSwift

SPEC CHECKSUMS:
  Kingfisher: 6729a0baaa458245bfb8cd5a1296c71c10d6eb6c
  TMDBSwift: 64cdc44e58c438620f771e71bd4d415f8075ff43

PODFILE CHECKSUM: d140e1a5fd397d831e3c9c8154edd8d9663a30f2

COCOAPODS: 1.1.1
